#MicroXplorer Configuration settings - do not modify
CAD.formats=
CAD.pinconfig=
CAD.provider=
CORTEX_M7.IPParameters=default_mode_Activation
CORTEX_M7.default_mode_Activation=1
DAC1.DAC_Channel-DAC_OUT1=DAC_CHANNEL_1
DAC1.DAC_Trigger-DAC_OUT1=DAC_TRIGGER_T6_TRGO
DAC1.IPParameters=DAC_Channel-DAC_OUT1,DAC_Trigger-DAC_OUT1
Dma.DAC1_CH1.0.Direction=DMA_MEMORY_TO_PERIPH
Dma.DAC1_CH1.0.EventEnable=DISABLE
Dma.DAC1_CH1.0.FIFOMode=DMA_FIFOMODE_DISABLE
Dma.DAC1_CH1.0.Instance=DMA1_Stream0
Dma.DAC1_CH1.0.MemDataAlignment=DMA_MDATAALIGN_HALFWORD
Dma.DAC1_CH1.0.MemInc=DMA_MINC_ENABLE
Dma.DAC1_CH1.0.Mode=DMA_CIRCULAR
Dma.DAC1_CH1.0.PeriphDataAlignment=DMA_PDATAALIGN_HALFWORD
Dma.DAC1_CH1.0.PeriphInc=DMA_PINC_DISABLE
Dma.DAC1_CH1.0.Polarity=HAL_DMAMUX_REQ_GEN_RISING
Dma.DAC1_CH1.0.Priority=DMA_PRIORITY_VERY_HIGH
Dma.DAC1_CH1.0.RequestNumber=1
Dma.DAC1_CH1.0.RequestParameters=Instance,Direction,PeriphInc,MemInc,PeriphDataAlignment,MemDataAlignment,Mode,Priority,FIFOMode,SignalID,Polarity,RequestNumber,SyncSignalID,SyncPolarity,SyncEnable,EventEnable,SyncRequestNumber
Dma.DAC1_CH1.0.SignalID=NONE
Dma.DAC1_CH1.0.SyncEnable=DISABLE
Dma.DAC1_CH1.0.SyncPolarity=HAL_DMAMUX_SYNC_NO_EVENT
Dma.DAC1_CH1.0.SyncRequestNumber=1
Dma.DAC1_CH1.0.SyncSignalID=NONE
Dma.Request0=DAC1_CH1
Dma.RequestsNb=1
FREERTOS.FootprintOK=true
FREERTOS.IPParameters=Tasks01,FootprintOK,configTIMER_TASK_PRIORITY
FREERTOS.Tasks01=taskDefault,54,128,taskDefaultStart,Default,NULL,Dynamic,NULL,NULL;taskGlcdRender,8,128,taskGlcdRenderStart,Default,NULL,Dynamic,NULL,NULL
FREERTOS.configTIMER_TASK_PRIORITY=55
File.Version=6
GPIO.groupedBy=Group By Peripherals
KeepUserPlacement=false
MMTAppReg1.MEMORYMAP.AppRegionName=DTCMRAM
MMTAppReg1.MEMORYMAP.ContextName=Cortex-M7NS
MMTAppReg1.MEMORYMAP.CoreName=ARM Cortex-M7
MMTAppReg1.MEMORYMAP.IPParameters=StartAddress,Size,CoreName,ContextName,Name
MMTAppReg1.MEMORYMAP.Name=DTCMRAM
MMTAppReg1.MEMORYMAP.Size=131072
MMTAppReg1.MEMORYMAP.StartAddress=0x20000000
MMTAppReg2.MEMORYMAP.AppRegionName=RAM
MMTAppReg2.MEMORYMAP.ContextName=Cortex-M7NS
MMTAppReg2.MEMORYMAP.CoreName=ARM Cortex-M7
MMTAppReg2.MEMORYMAP.DefaultDataRegion=true
MMTAppReg2.MEMORYMAP.IPParameters=StartAddress,Size,CoreName,ContextName,Name,DefaultDataRegion
MMTAppReg2.MEMORYMAP.Name=RAM
MMTAppReg2.MEMORYMAP.Size=524288
MMTAppReg2.MEMORYMAP.StartAddress=0x24000000
MMTAppReg3.MEMORYMAP.AppRegionName=RAM_D2
MMTAppReg3.MEMORYMAP.ContextName=Cortex-M7NS
MMTAppReg3.MEMORYMAP.CoreName=ARM Cortex-M7
MMTAppReg3.MEMORYMAP.IPParameters=StartAddress,Size,CoreName,ContextName,Name
MMTAppReg3.MEMORYMAP.Name=RAM_D2
MMTAppReg3.MEMORYMAP.Size=294912
MMTAppReg3.MEMORYMAP.StartAddress=0x30000000
MMTAppReg4.MEMORYMAP.AppRegionName=RAM_D3
MMTAppReg4.MEMORYMAP.ContextName=Cortex-M7NS
MMTAppReg4.MEMORYMAP.CoreName=ARM Cortex-M7
MMTAppReg4.MEMORYMAP.IPParameters=StartAddress,Size,CoreName,ContextName,Name
MMTAppReg4.MEMORYMAP.Name=RAM_D3
MMTAppReg4.MEMORYMAP.Size=65536
MMTAppReg4.MEMORYMAP.StartAddress=0x38000000
MMTAppReg5.MEMORYMAP.AppRegionName=ITCMRAM
MMTAppReg5.MEMORYMAP.Cacheability=WTRA
MMTAppReg5.MEMORYMAP.ContextName=Cortex-M7NS
MMTAppReg5.MEMORYMAP.CoreName=ARM Cortex-M7
MMTAppReg5.MEMORYMAP.IPParameters=StartAddress,Size,CoreName,ContextName,Name,Cacheability
MMTAppReg5.MEMORYMAP.Name=ITCMRAM
MMTAppReg5.MEMORYMAP.Size=65536
MMTAppReg5.MEMORYMAP.StartAddress=0x00000000
MMTAppReg6.MEMORYMAP.AP=RO_priv_only
MMTAppReg6.MEMORYMAP.AppRegionName=FLASH
MMTAppReg6.MEMORYMAP.Cacheability=WTRA
MMTAppReg6.MEMORYMAP.ContextName=Cortex-M7NS
MMTAppReg6.MEMORYMAP.CoreName=ARM Cortex-M7
MMTAppReg6.MEMORYMAP.DefaultCodeRegion=true
MMTAppReg6.MEMORYMAP.IPParameters=StartAddress,Size,CoreName,MemType,ContextName,Name,AP,Cacheability,DefaultCodeRegion,ISRRegion,RootBootRegion
MMTAppReg6.MEMORYMAP.ISRRegion=true
MMTAppReg6.MEMORYMAP.MemType=ROM
MMTAppReg6.MEMORYMAP.Name=FLASH
MMTAppReg6.MEMORYMAP.RootBootRegion=true
MMTAppReg6.MEMORYMAP.Size=2097152
MMTAppReg6.MEMORYMAP.StartAddress=0x08000000
MMTAppRegionsCount=6
MMTConfigApplied=false
Mcu.CPN=STM32H743VIT6
Mcu.Family=STM32H7
Mcu.IP0=CORTEX_M7
Mcu.IP1=DAC1
Mcu.IP10=TIM1
Mcu.IP11=TIM3
Mcu.IP12=TIM4
Mcu.IP13=TIM6
Mcu.IP2=DMA
Mcu.IP3=FREERTOS
Mcu.IP4=MEMORYMAP
Mcu.IP5=NVIC
Mcu.IP6=RCC
Mcu.IP7=SDMMC1
Mcu.IP8=SPI6
Mcu.IP9=SYS
Mcu.IPNb=14
Mcu.Name=STM32H743VITx
Mcu.Package=LQFP100
Mcu.Pin0=PA1
Mcu.Pin1=PA4
Mcu.Pin10=PD14
Mcu.Pin11=PD15
Mcu.Pin12=PC8
Mcu.Pin13=PC9
Mcu.Pin14=PA8
Mcu.Pin15=PA15 (JTDI)
Mcu.Pin16=PC10
Mcu.Pin17=PC11
Mcu.Pin18=PC12
Mcu.Pin19=PD2
Mcu.Pin2=PA5
Mcu.Pin20=PD3
Mcu.Pin21=PD4
Mcu.Pin22=PD5
Mcu.Pin23=PD6
Mcu.Pin24=PD7
Mcu.Pin25=PE0
Mcu.Pin26=VP_FREERTOS_VS_CMSIS_V2
Mcu.Pin27=VP_SYS_VS_tim2
Mcu.Pin28=VP_TIM1_VS_ClockSourceINT
Mcu.Pin29=VP_TIM3_VS_ClockSourceINT
Mcu.Pin3=PA7
Mcu.Pin30=VP_TIM4_VS_ClockSourceINT
Mcu.Pin31=VP_TIM6_VS_ClockSourceINT
Mcu.Pin32=VP_MEMORYMAP_VS_MEMORYMAP
Mcu.Pin4=PD8
Mcu.Pin5=PD9
Mcu.Pin6=PD10
Mcu.Pin7=PD11
Mcu.Pin8=PD12
Mcu.Pin9=PD13
Mcu.PinsNb=33
Mcu.ThirdPartyNb=0
Mcu.UserConstants=
Mcu.UserName=STM32H743VITx
MxCube.Version=6.13.0
MxDb.Version=DB.6.0.130
NVIC.BusFault_IRQn=true\:0\:0\:false\:false\:true\:false\:false\:false\:false
NVIC.DMA1_Stream0_IRQn=true\:5\:0\:false\:false\:true\:true\:false\:true\:true
NVIC.DebugMonitor_IRQn=true\:0\:0\:false\:false\:true\:false\:false\:false\:false
NVIC.ForceEnableDMAVector=true
NVIC.HardFault_IRQn=true\:0\:0\:false\:false\:true\:false\:false\:false\:false
NVIC.MemoryManagement_IRQn=true\:0\:0\:false\:false\:true\:false\:false\:false\:false
NVIC.NonMaskableInt_IRQn=true\:0\:0\:false\:false\:true\:false\:false\:false\:false
NVIC.PendSV_IRQn=true\:15\:0\:false\:false\:false\:true\:false\:false\:false
NVIC.PriorityGroup=NVIC_PRIORITYGROUP_4
NVIC.SVCall_IRQn=true\:0\:0\:false\:false\:false\:false\:false\:false\:false
NVIC.SavedPendsvIrqHandlerGenerated=true
NVIC.SavedSvcallIrqHandlerGenerated=true
NVIC.SavedSystickIrqHandlerGenerated=true
NVIC.SysTick_IRQn=true\:15\:0\:false\:false\:false\:true\:false\:true\:false
NVIC.TIM2_IRQn=true\:15\:0\:false\:false\:true\:false\:false\:true\:true
NVIC.TimeBase=TIM2_IRQn
NVIC.TimeBaseIP=TIM2
NVIC.UsageFault_IRQn=true\:0\:0\:false\:false\:true\:false\:false\:false\:false
PA1.GPIOParameters=GPIO_Label
PA1.GPIO_Label=LED0
PA1.Locked=true
PA1.Signal=GPIO_Output
PA15\ (JTDI).GPIOParameters=GPIO_Label
PA15\ (JTDI).GPIO_Label=SPI6_CS
PA15\ (JTDI).Locked=true
PA15\ (JTDI).Signal=GPIO_Output
PA4.Signal=COMP_DAC11_group
PA5.Locked=true
PA5.Mode=TX_Only_Simplex_Unidirect_Master
PA5.Signal=SPI6_SCK
PA7.Locked=true
PA7.Mode=TX_Only_Simplex_Unidirect_Master
PA7.Signal=SPI6_MOSI
PA8.Mode=Clock-out-1
PA8.Signal=RCC_MCO_1
PC10.GPIOParameters=GPIO_PuPd
PC10.GPIO_PuPd=GPIO_PULLUP
PC10.Mode=SD_4_bits_Wide_bus
PC10.Signal=SDMMC1_D2
PC11.GPIOParameters=GPIO_PuPd
PC11.GPIO_PuPd=GPIO_PULLUP
PC11.Mode=SD_4_bits_Wide_bus
PC11.Signal=SDMMC1_D3
PC12.Mode=SD_4_bits_Wide_bus
PC12.Signal=SDMMC1_CK
PC8.GPIOParameters=GPIO_PuPd
PC8.GPIO_PuPd=GPIO_PULLUP
PC8.Mode=SD_4_bits_Wide_bus
PC8.Signal=SDMMC1_D0
PC9.GPIOParameters=GPIO_PuPd
PC9.GPIO_PuPd=GPIO_PULLUP
PC9.Mode=SD_4_bits_Wide_bus
PC9.Signal=SDMMC1_D1
PD10.GPIOParameters=GPIO_PuPd,GPIO_Label,GPIO_ModeDefaultOutputPP
PD10.GPIO_Label=MUX_EN_OG_KBD_ROW
PD10.GPIO_ModeDefaultOutputPP=GPIO_MODE_OUTPUT_OD
PD10.GPIO_PuPd=GPIO_NOPULL
PD10.Locked=true
PD10.Signal=GPIO_Output
PD11.GPIOParameters=GPIO_Label
PD11.GPIO_Label=MUX_EN_OG_KBD_COL
PD11.Locked=true
PD11.Signal=GPIO_Output
PD12.GPIOParameters=GPIO_Label
PD12.GPIO_Label=MUX_EN_KBDV_ROW
PD12.Locked=true
PD12.Signal=GPIO_Output
PD13.GPIOParameters=GPIO_Label
PD13.GPIO_Label=MUX_EN_KBDV_COL
PD13.Locked=true
PD13.Signal=GPIO_Output
PD14.GPIOParameters=GPIO_Label
PD14.GPIO_Label=MUX_EN_KEY_ROW
PD14.Locked=true
PD14.Signal=GPIO_Output
PD15.GPIOParameters=GPIO_Label
PD15.GPIO_Label=MUX_EN_KEY_COL
PD15.Locked=true
PD15.Signal=GPIO_Output
PD2.Mode=SD_4_bits_Wide_bus
PD2.Signal=SDMMC1_CMD
PD3.GPIOParameters=GPIO_PuPd,GPIO_Label
PD3.GPIO_Label=MUX_SIG
PD3.GPIO_PuPd=GPIO_PULLDOWN
PD3.Locked=true
PD3.Signal=GPIO_Input
PD4.GPIOParameters=GPIO_PuPd,GPIO_Label
PD4.GPIO_Label=MUX_S0
PD4.GPIO_PuPd=GPIO_PULLDOWN
PD4.Locked=true
PD4.Signal=GPIO_Output
PD5.GPIOParameters=GPIO_PuPd,GPIO_Label
PD5.GPIO_Label=MUX_S1
PD5.GPIO_PuPd=GPIO_PULLDOWN
PD5.Locked=true
PD5.Signal=GPIO_Output
PD6.GPIOParameters=GPIO_PuPd,GPIO_Label
PD6.GPIO_Label=MUX_S2
PD6.GPIO_PuPd=GPIO_PULLDOWN
PD6.Locked=true
PD6.Signal=GPIO_Output
PD7.GPIOParameters=GPIO_PuPd,GPIO_Label
PD7.GPIO_Label=MUX_S3
PD7.GPIO_PuPd=GPIO_PULLDOWN
PD7.Locked=true
PD7.Signal=GPIO_Output
PD8.GPIOParameters=GPIO_PuPd,GPIO_Label,GPIO_ModeDefaultOutputPP
PD8.GPIO_Label=MUX_EN_OG_KEY_ROW
PD8.GPIO_ModeDefaultOutputPP=GPIO_MODE_OUTPUT_OD
PD8.GPIO_PuPd=GPIO_NOPULL
PD8.Locked=true
PD8.Signal=GPIO_Output
PD9.GPIOParameters=GPIO_PuPd,GPIO_Label,GPIO_ModeDefaultOutputPP
PD9.GPIO_Label=MUX_EN_OG_KEY_COL
PD9.GPIO_ModeDefaultOutputPP=GPIO_MODE_OUTPUT_OD
PD9.GPIO_PuPd=GPIO_NOPULL
PD9.Locked=true
PD9.Signal=GPIO_Output
PE0.GPIOParameters=GPIO_Label
PE0.GPIO_Label=BTN_RUN
PE0.Locked=true
PE0.Signal=GPIO_Input
PinOutPanel.RotationAngle=0
ProjectManager.AskForMigrate=true
ProjectManager.BackupPrevious=false
ProjectManager.CompilerOptimize=6
ProjectManager.ComputerToolchain=false
ProjectManager.CoupleFile=false
ProjectManager.CustomerFirmwarePackage=
ProjectManager.DefaultFWLocation=true
ProjectManager.DeletePrevious=true
ProjectManager.DeviceId=STM32H743VITx
ProjectManager.FirmwarePackage=STM32Cube FW_H7 V1.12.1
ProjectManager.FreePins=false
ProjectManager.HalAssertFull=false
ProjectManager.HeapSize=0x200
ProjectManager.KeepUserCode=true
ProjectManager.LastFirmware=true
ProjectManager.LibraryCopy=0
ProjectManager.MainLocation=Core/Src
ProjectManager.NoMain=false
ProjectManager.PreviousToolchain=
ProjectManager.ProjectBuild=false
ProjectManager.ProjectFileName=synth-h743vit6-makefile.ioc
ProjectManager.ProjectName=synth-h743vit6-makefile
ProjectManager.ProjectStructure=
ProjectManager.RegisterCallBack=
ProjectManager.StackSize=0x400
ProjectManager.TargetToolchain=Makefile
ProjectManager.ToolChainLocation=
ProjectManager.UAScriptAfterPath=
ProjectManager.UAScriptBeforePath=
ProjectManager.UnderRoot=false
ProjectManager.functionlistsort=1-SystemClock_Config-RCC-false-HAL-false,2-MX_GPIO_Init-GPIO-false-HAL-true,3-MX_DMA_Init-DMA-false-HAL-true,4-MX_DAC1_Init-DAC1-false-HAL-true,5-MX_SDMMC1_SD_Init-SDMMC1-false-HAL-true,6-MX_TIM1_Init-TIM1-false-HAL-true,7-MX_TIM4_Init-TIM4-false-HAL-true,8-MX_SPI6_Init-SPI6-false-HAL-true,9-MX_TIM3_Init-TIM3-false-HAL-true,10-MX_TIM6_Init-TIM6-false-HAL-true,0-MX_CORTEX_M7_Init-CORTEX_M7-false-HAL-true
RCC.ADCFreq_Value=3000000
RCC.AHB12Freq_Value=240000000
RCC.AHB4Freq_Value=240000000
RCC.APB1Freq_Value=120000000
RCC.APB2Freq_Value=120000000
RCC.APB3Freq_Value=120000000
RCC.APB4Freq_Value=120000000
RCC.AXIClockFreq_Value=240000000
RCC.CECFreq_Value=32000
RCC.CKPERFreq_Value=25000000
RCC.CKPERSourceSelection=RCC_CLKPSOURCE_HSE
RCC.CortexFreq_Value=480000000
RCC.CpuClockFreq_Value=480000000
RCC.D1CPREFreq_Value=480000000
RCC.D1PPRE=RCC_APB3_DIV2
RCC.D2PPRE1=RCC_APB1_DIV2
RCC.D2PPRE2=RCC_APB2_DIV2
RCC.D3PPRE=RCC_APB4_DIV2
RCC.DFSDMACLkFreq_Value=7500000
RCC.DFSDMFreq_Value=120000000
RCC.DIVM1=4
RCC.DIVM2=5
RCC.DIVM3=50
RCC.DIVN1=60
RCC.DIVN2=30
RCC.DIVN3=200
RCC.DIVP1Freq_Value=480000000
RCC.DIVP2=128
RCC.DIVP2Freq_Value=3000000
RCC.DIVP3Freq_Value=128000000
RCC.DIVQ1=128
RCC.DIVQ1Freq_Value=7500000
RCC.DIVQ2Freq_Value=192000000
RCC.DIVQ3=15
RCC.DIVQ3Freq_Value=17066666.666666668
RCC.DIVR1Freq_Value=480000000
RCC.DIVR2Freq_Value=192000000
RCC.DIVR3Freq_Value=128000000
RCC.FDCANFreq_Value=7500000
RCC.FMCFreq_Value=240000000
RCC.FamilyName=M
RCC.HCLK3ClockFreq_Value=240000000
RCC.HCLKFreq_Value=240000000
RCC.HPRE=RCC_HCLK_DIV2
RCC.HRTIMFreq_Value=240000000
RCC.HSE_Timout=800
RCC.HSE_VALUE=25000000
RCC.I2C123Freq_Value=120000000
RCC.I2C4Freq_Value=120000000
RCC.IPParameters=ADCFreq_Value,AHB12Freq_Value,AHB4Freq_Value,APB1Freq_Value,APB2Freq_Value,APB3Freq_Value,APB4Freq_Value,AXIClockFreq_Value,CECFreq_Value,CKPERFreq_Value,CKPERSourceSelection,CortexFreq_Value,CpuClockFreq_Value,D1CPREFreq_Value,D1PPRE,D2PPRE1,D2PPRE2,D3PPRE,DFSDMACLkFreq_Value,DFSDMFreq_Value,DIVM1,DIVM2,DIVM3,DIVN1,DIVN2,DIVN3,DIVP1Freq_Value,DIVP2,DIVP2Freq_Value,DIVP3Freq_Value,DIVQ1,DIVQ1Freq_Value,DIVQ2Freq_Value,DIVQ3,DIVQ3Freq_Value,DIVR1Freq_Value,DIVR2Freq_Value,DIVR3Freq_Value,FDCANFreq_Value,FMCFreq_Value,FamilyName,HCLK3ClockFreq_Value,HCLKFreq_Value,HPRE,HRTIMFreq_Value,HSE_Timout,HSE_VALUE,I2C123Freq_Value,I2C4Freq_Value,LPTIM1Freq_Value,LPTIM2Freq_Value,LPTIM345Freq_Value,LPUART1Freq_Value,LTDCFreq_Value,MCO1PinFreq_Value,MCO2PinFreq_Value,PLL2FRACN,PLL3FRACN,PLLFRACN,QSPIFreq_Value,RNGFreq_Value,RTCFreq_Value,SAI1Freq_Value,SAI23Freq_Value,SAI4AFreq_Value,SAI4BFreq_Value,SDMMCFreq_Value,SPDIFRXFreq_Value,SPI123CLockSelection,SPI123Freq_Value,SPI45Freq_Value,SPI6CLockSelection,SPI6Freq_Value,SWPMI1Freq_Value,SYSCLKFreq_VALUE,SYSCLKSource,SupplySource,Tim1OutputFreq_Value,Tim2OutputFreq_Value,TraceFreq_Value,USART16Freq_Value,USART234578Freq_Value,USBFreq_Value,VCO1OutputFreq_Value,VCO2OutputFreq_Value,VCO3OutputFreq_Value,VCOInput1Freq_Value,VCOInput2Freq_Value,VCOInput3Freq_Value
RCC.LPTIM1Freq_Value=120000000
RCC.LPTIM2Freq_Value=120000000
RCC.LPTIM345Freq_Value=120000000
RCC.LPUART1Freq_Value=120000000
RCC.LTDCFreq_Value=128000000
RCC.MCO1PinFreq_Value=64000000
RCC.MCO2PinFreq_Value=480000000
RCC.PLL2FRACN=0
RCC.PLL3FRACN=0
RCC.PLLFRACN=0
RCC.QSPIFreq_Value=240000000
RCC.RNGFreq_Value=48000000
RCC.RTCFreq_Value=32000
RCC.SAI1Freq_Value=7500000
RCC.SAI23Freq_Value=7500000
RCC.SAI4AFreq_Value=7500000
RCC.SAI4BFreq_Value=7500000
RCC.SDMMCFreq_Value=7500000
RCC.SPDIFRXFreq_Value=7500000
RCC.SPI123CLockSelection=RCC_SPI123CLKSOURCE_PLL3
RCC.SPI123Freq_Value=128000000
RCC.SPI45Freq_Value=120000000
RCC.SPI6CLockSelection=RCC_SPI6CLKSOURCE_PLL3
RCC.SPI6Freq_Value=17066666.666666668
RCC.SWPMI1Freq_Value=120000000
RCC.SYSCLKFreq_VALUE=480000000
RCC.SYSCLKSource=RCC_SYSCLKSOURCE_PLLCLK
RCC.SupplySource=PWR_LDO_SUPPLY
RCC.Tim1OutputFreq_Value=240000000
RCC.Tim2OutputFreq_Value=240000000
RCC.TraceFreq_Value=64000000
RCC.USART16Freq_Value=120000000
RCC.USART234578Freq_Value=120000000
RCC.USBFreq_Value=7500000
RCC.VCO1OutputFreq_Value=960000000
RCC.VCO2OutputFreq_Value=384000000
RCC.VCO3OutputFreq_Value=256000000
RCC.VCOInput1Freq_Value=16000000
RCC.VCOInput2Freq_Value=12800000
RCC.VCOInput3Freq_Value=1280000
SH.COMP_DAC11_group.0=DAC1_OUT1,DAC_OUT1
SH.COMP_DAC11_group.ConfNb=1
SPI6.BaudRatePrescaler=SPI_BAUDRATEPRESCALER_32
SPI6.CLKPhase=SPI_PHASE_2EDGE
SPI6.CLKPolarity=SPI_POLARITY_HIGH
SPI6.CalculateBaudRate=533.333 KBits/s
SPI6.DataSize=SPI_DATASIZE_8BIT
SPI6.Direction=SPI_DIRECTION_2LINES_TXONLY
SPI6.IPParameters=VirtualType,Mode,Direction,CalculateBaudRate,BaudRatePrescaler,DataSize,CLKPolarity,CLKPhase
SPI6.Mode=SPI_MODE_MASTER
SPI6.VirtualType=VM_MASTER
TIM1.IPParameters=TIM_MasterOutputTrigger,Prescaler,Period
TIM1.Period=65535
TIM1.Prescaler=1999
TIM1.TIM_MasterOutputTrigger=TIM_TRGO_UPDATE
TIM3.IPParameters=Prescaler,Period
TIM3.Period=1199
TIM3.Prescaler=0
TIM4.IPParameters=TIM_MasterOutputTrigger,Period
TIM4.Period=1199
TIM4.TIM_MasterOutputTrigger=TIM_TRGO_RESET
TIM6.IPParameters=TIM_MasterOutputTrigger,Prescaler,Period
TIM6.Period=2499
TIM6.Prescaler=0
TIM6.TIM_MasterOutputTrigger=TIM_TRGO_UPDATE
VP_FREERTOS_VS_CMSIS_V2.Mode=CMSIS_V2
VP_FREERTOS_VS_CMSIS_V2.Signal=FREERTOS_VS_CMSIS_V2
VP_MEMORYMAP_VS_MEMORYMAP.Mode=CurAppReg
VP_MEMORYMAP_VS_MEMORYMAP.Signal=MEMORYMAP_VS_MEMORYMAP
VP_SYS_VS_tim2.Mode=TIM2
VP_SYS_VS_tim2.Signal=SYS_VS_tim2
VP_TIM1_VS_ClockSourceINT.Mode=Internal
VP_TIM1_VS_ClockSourceINT.Signal=TIM1_VS_ClockSourceINT
VP_TIM3_VS_ClockSourceINT.Mode=Internal
VP_TIM3_VS_ClockSourceINT.Signal=TIM3_VS_ClockSourceINT
VP_TIM4_VS_ClockSourceINT.Mode=Internal
VP_TIM4_VS_ClockSourceINT.Signal=TIM4_VS_ClockSourceINT
VP_TIM6_VS_ClockSourceINT.Mode=Enable_Timer
VP_TIM6_VS_ClockSourceINT.Signal=TIM6_VS_ClockSourceINT
board=custom
rtos.0.ip=FREERTOS
